
Microsoft Visual Studio Solution File, Format Version 12.00
# Visual Studio Version 17
VisualStudioVersion = 17.11.35327.3
MinimumVisualStudioVersion = 10.0.40219.1
Project("{FAE04EC0-301F-11D3-BF4B-00C04F79EFBC}") = "livrariaDoEdu", "livrariaDoEdu.csproj", "{EC4C04A8-FF0C-427D-9814-5095CE1CA41B}"
EndProject
Global
	GlobalSection(SolutionConfigurationPlatforms) = preSolution
		Debug|Any CPU = Debug|Any CPU
		Release|Any CPU = Release|Any CPU
	EndGlobalSection
	GlobalSection(ProjectConfigurationPlatforms) = postSolution
		{EC4C04A8-FF0C-427D-9814-5095CE1CA41B}.Debug|Any CPU.ActiveCfg = Debug|Any CPU
		{EC4C04A8-FF0C-427D-9814-5095CE1CA41B}.Debug|Any CPU.Build.0 = Debug|Any CPU
		{EC4C04A8-FF0C-427D-9814-5095CE1CA41B}.Release|Any CPU.ActiveCfg = Release|Any CPU
		{EC4C04A8-FF0C-427D-9814-5095CE1CA41B}.Release|Any CPU.Build.0 = Release|Any CPU
	EndGlobalSection
	GlobalSection(SolutionProperties) = preSolution
		HideSolutionNode = FALSE
	EndGlobalSection
	GlobalSection(ExtensibilityGlobals) = postSolution
		SolutionGuid = {0DC4F5AC-9952-4D4F-A50F-C4F0893805E2}
	EndGlobalSection
EndGlobal
